// !$*UTF8*$!
{
	archiveVersion = 1;
	classes = {
	};
	objectVersion = 77;
	objects = {

/* Begin PBXContainerItemProxy section */
		7B35F8E42D6948C6005EC361 /* PBXContainerItemProxy */ = {
			isa = PBXContainerItemProxy;
			containerPortal = 7B35F8C72D6948C3005EC361 /* Project object */;
			proxyType = 1;
			remoteGlobalIDString = 7B35F8CE2D6948C3005EC361;
			remoteInfo = Pelix;
		};
		7B35F8EE2D6948C6005EC361 /* PBXContainerItemProxy */ = {
			isa = PBXContainerItemProxy;
			containerPortal = 7B35F8C72D6948C3005EC361 /* Project object */;
			proxyType = 1;
			remoteGlobalIDString = 7B35F8CE2D6948C3005EC361;
			remoteInfo = Pelix;
		};
/* End PBXContainerItemProxy section */

/* Begin PBXFileReference section */
		7B35F8CF2D6948C3005EC361 /* Pelix.app */ = {isa = PBXFileReference; explicitFileType = wrapper.application; includeInIndex = 0; path = Pelix.app; sourceTree = BUILT_PRODUCTS_DIR; };
		7B35F8E32D6948C6005EC361 /* PelixTests.xctest */ = {isa = PBXFileReference; explicitFileType = wrapper.cfbundle; includeInIndex = 0; path = PelixTests.xctest; sourceTree = BUILT_PRODUCTS_DIR; };
		7B35F8ED2D6948C6005EC361 /* PelixUITests.xctest */ = {isa = PBXFileReference; explicitFileType = wrapper.cfbundle; includeInIndex = 0; path = PelixUITests.xctest; sourceTree = BUILT_PRODUCTS_DIR; };
/* End PBXFileReference section */

/* Begin PBXFileSystemSynchronizedBuildFileExceptionSet section */
		7B35F8F52D6948C6005EC361 /* Exceptions for "Pelix" folder in "Pelix" target */ = {
			isa = PBXFileSystemSynchronizedBuildFileExceptionSet;
			membershipExceptions = (
				Info.plist,
			);
			target = 7B35F8CE2D6948C3005EC361 /* Pelix */;
		};
/* End PBXFileSystemSynchronizedBuildFileExceptionSet section */

/* Begin PBXFileSystemSynchronizedRootGroup section */
		7B35F8D12D6948C3005EC361 /* Pelix */ = {
			isa = PBXFileSystemSynchronizedRootGroup;
			exceptions = (
				7B35F8F52D6948C6005EC361 /* Exceptions for "Pelix" folder in "Pelix" target */,
			);
			path = Pelix;
			sourceTree = "<group>";
		};
		7B35F8E62D6948C6005EC361 /* PelixTests */ = {
			isa = PBXFileSystemSynchronizedRootGroup;
			path = PelixTests;
			sourceTree = "<group>";
		};
		7B35F8F02D6948C6005EC361 /* PelixUITests */ = {
			isa = PBXFileSystemSynchronizedRootGroup;
			path = PelixUITests;
			sourceTree = "<group>";
		};
/* End PBXFileSystemSynchronizedRootGroup section */

/* Begin PBXFrameworksBuildPhase section */
		7B35F8CC2D6948C3005EC361 /* Frameworks */ = {
			isa = PBXFrameworksBuildPhase;
			buildActionMask = 2147483647;
			files = (
			);
			runOnlyForDeploymentPostprocessing = 0;
		};
		7B35F8E02D6948C6005EC361 /* Frameworks */ = {
			isa = PBXFrameworksBuildPhase;
			buildActionMask = 2147483647;
			files = (
			);
			runOnlyForDeploymentPostprocessing = 0;
		};
		7B35F8EA2D6948C6005EC361 /* Frameworks */ = {
			isa = PBXFrameworksBuildPhase;
			buildActionMask = 2147483647;
			files = (
			);
			runOnlyForDeploymentPostprocessing = 0;
		};
/* End PBXFrameworksBuildPhase section */

/* Begin PBXGroup section */
		7B35F8C62D6948C3005EC361 = {
			isa = PBXGroup;
			children = (
				7B35F8D12D6948C3005EC361 /* Pelix */,
				7B35F8E62D6948C6005EC361 /* PelixTests */,
				7B35F8F02D6948C6005EC361 /* PelixUITests */,
				7B35F8D02D6948C3005EC361 /* Products */,
			);
			sourceTree = "<group>";
		};
		7B35F8D02D6948C3005EC361 /* Products */ = {
			isa = PBXGroup;
			children = (
				7B35F8CF2D6948C3005EC361 /* Pelix.app */,
				7B35F8E32D6948C6005EC361 /* PelixTests.xctest */,
				7B35F8ED2D6948C6005EC361 /* PelixUITests.xctest */,
			);
			name = Products;
			sourceTree = "<group>";
		};
/* End PBXGroup section */

/* Begin PBXNativeTarget section */
		7B35F8CE2D6948C3005EC361 /* Pelix */ = {
			isa = PBXNativeTarget;
			buildConfigurationList = 7B35F8F62D6948C6005EC361 /* Build configuration list for PBXNativeTarget "Pelix" */;
			buildPhases = (
				7B35F8CB2D6948C3005EC361 /* Sources */,
				7B35F8CC2D6948C3005EC361 /* Frameworks */,
				7B35F8CD2D6948C3005EC361 /* Resources */,
			);
			buildRules = (
			);
			dependencies = (
			);
			fileSystemSynchronizedGroups = (
				7B35F8D12D6948C3005EC361 /* Pelix */,
			);
			name = Pelix;
			packageProductDependencies = (
			);
			productName = Pelix;
			productReference = 7B35F8CF2D6948C3005EC361 /* Pelix.app */;
			productType = "com.apple.product-type.application";
		};
		7B35F8E22D6948C6005EC361 /* PelixTests */ = {
			isa = PBXNativeTarget;
			buildConfigurationList = 7B35F8FB2D6948C6005EC361 /* Build configuration list for PBXNativeTarget "PelixTests" */;
			buildPhases = (
				7B35F8DF2D6948C6005EC361 /* Sources */,
				7B35F8E02D6948C6005EC361 /* Frameworks */,
				7B35F8E12D6948C6005EC361 /* Resources */,
			);
			buildRules = (
			);
			dependencies = (
				7B35F8E52D6948C6005EC361 /* PBXTargetDependency */,
			);
			fileSystemSynchronizedGroups = (
				7B35F8E62D6948C6005EC361 /* PelixTests */,
			);
			name = PelixTests;
			packageProductDependencies = (
			);
			productName = PelixTests;
			productReference = 7B35F8E32D6948C6005EC361 /* PelixTests.xctest */;
			productType = "com.apple.product-type.bundle.unit-test";
		};
		7B35F8EC2D6948C6005EC361 /* PelixUITests */ = {
			isa = PBXNativeTarget;
			buildConfigurationList = 7B35F8FE2D6948C6005EC361 /* Build configuration list for PBXNativeTarget "PelixUITests" */;
			buildPhases = (
				7B35F8E92D6948C6005EC361 /* Sources */,
				7B35F8EA2D6948C6005EC361 /* Frameworks */,
				7B35F8EB2D6948C6005EC361 /* Resources */,
			);
			buildRules = (
			);
			dependencies = (
				7B35F8EF2D6948C6005EC361 /* PBXTargetDependency */,
			);
			fileSystemSynchronizedGroups = (
				7B35F8F02D6948C6005EC361 /* PelixUITests */,
			);
			name = PelixUITests;
			packageProductDependencies = (
			);
			productName = PelixUITests;
			productReference = 7B35F8ED2D6948C6005EC361 /* PelixUITests.xctest */;
			productType = "com.apple.product-type.bundle.ui-testing";
		};
/* End PBXNativeTarget section */

/* Begin PBXProject section */
		7B35F8C72D6948C3005EC361 /* Project object */ = {
			isa = PBXProject;
			attributes = {
				BuildIndependentTargetsInParallel = 1;
				LastSwiftUpdateCheck = 1620;
				LastUpgradeCheck = 1620;
				TargetAttributes = {
					7B35F8CE2D6948C3005EC361 = {
						CreatedOnToolsVersion = 16.2;
					};
					7B35F8E22D6948C6005EC361 = {
						CreatedOnToolsVersion = 16.2;
						TestTargetID = 7B35F8CE2D6948C3005EC361;
					};
					7B35F8EC2D6948C6005EC361 = {
						CreatedOnToolsVersion = 16.2;
						TestTargetID = 7B35F8CE2D6948C3005EC361;
					};
				};
			};
			buildConfigurationList = 7B35F8CA2D6948C3005EC361 /* Build configuration list for PBXProject "Pelix" */;
			developmentRegion = en;
			hasScannedForEncodings = 0;
			knownRegions = (
				en,
				Base,
			);
			mainGroup = 7B35F8C62D6948C3005EC361;
			minimizedProjectReferenceProxies = 1;
			preferredProjectObjectVersion = 77;
			productRefGroup = 7B35F8D02D6948C3005EC361 /* Products */;
			projectDirPath = "";
			projectRoot = "";
			targets = (
				7B35F8CE2D6948C3005EC361 /* Pelix */,
				7B35F8E22D6948C6005EC361 /* PelixTests */,
				7B35F8EC2D6948C6005EC361 /* PelixUITests */,
			);
		};
/* End PBXProject section */

/* Begin PBXResourcesBuildPhase section */
		7B35F8CD2D6948C3005EC361 /* Resources */ = {
			isa = PBXResourcesBuildPhase;
			buildActionMask = 2147483647;
			files = (
			);
			runOnlyForDeploymentPostprocessing = 0;
		};
		7B35F8E12D6948C6005EC361 /* Resources */ = {
			isa = PBXResourcesBuildPhase;
			buildActionMask = 2147483647;
			files = (
			);
			runOnlyForDeploymentPostprocessing = 0;
		};
		7B35F8EB2D6948C6005EC361 /* Resources */ = {
			isa = PBXResourcesBuildPhase;
			buildActionMask = 2147483647;
			files = (
			);
			runOnlyForDeploymentPostprocessing = 0;
		};
/* End PBXResourcesBuildPhase section */

/* Begin PBXSourcesBuildPhase section */
		7B35F8CB2D6948C3005EC361 /* Sources */ = {
			isa = PBXSourcesBuildPhase;
			buildActionMask = 2147483647;
			files = (
			);
			runOnlyForDeploymentPostprocessing = 0;
		};
		7B35F8DF2D6948C6005EC361 /* Sources */ = {
			isa = PBXSourcesBuildPhase;
			buildActionMask = 2147483647;
			files = (
			);
			runOnlyForDeploymentPostprocessing = 0;
		};
		7B35F8E92D6948C6005EC361 /* Sources */ = {
			isa = PBXSourcesBuildPhase;
			buildActionMask = 2147483647;
			files = (
			);
			runOnlyForDeploymentPostprocessing = 0;
		};
/* End PBXSourcesBuildPhase section */

/* Begin PBXTargetDependency section */
		7B35F8E52D6948C6005EC361 /* PBXTargetDependency */ = {
			isa = PBXTargetDependency;
			target = 7B35F8CE2D6948C3005EC361 /* Pelix */;
			targetProxy = 7B35F8E42D6948C6005EC361 /* PBXContainerItemProxy */;
		};
		7B35F8EF2D6948C6005EC361 /* PBXTargetDependency */ = {
			isa = PBXTargetDependency;
			target = 7B35F8CE2D6948C3005EC361 /* Pelix */;
			targetProxy = 7B35F8EE2D6948C6005EC361 /* PBXContainerItemProxy */;
		};
/* End PBXTargetDependency section */

/* Begin XCBuildConfiguration section */
		7B35F8F72D6948C6005EC361 /* Debug */ = {
			isa = XCBuildConfiguration;
			buildSettings = {
				ASSETCATALOG_COMPILER_APPICON_NAME = AppIcon;
				ASSETCATALOG_COMPILER_GLOBAL_ACCENT_COLOR_NAME = AccentColor;
				CODE_SIGN_ENTITLEMENTS = Pelix/Pelix.entitlements;
				CODE_SIGN_STYLE = Automatic;
				CURRENT_PROJECT_VERSION = 1;
				DEVELOPMENT_ASSET_PATHS = "\"Pelix/Preview Content\"";
				DEVELOPMENT_TEAM = DP2HQS7QGA;
				ENABLE_PREVIEWS = YES;
				GENERATE_INFOPLIST_FILE = YES;
				INFOPLIST_FILE = Pelix/Info.plist;
				INFOPLIST_KEY_UIApplicationSceneManifest_Generation = YES;
				INFOPLIST_KEY_UIApplicationSupportsIndirectInputEvents = YES;
				INFOPLIST_KEY_UILaunchScreen_Generation = YES;
				INFOPLIST_KEY_UISupportedInterfaceOrientations_iPad = "UIInterfaceOrientationPortrait UIInterfaceOrientationPortraitUpsideDown UIInterfaceOrientationLandscapeLeft UIInterfaceOrientationLandscapeRight";
				INFOPLIST_KEY_UISupportedInterfaceOrientations_iPhone = "UIInterfaceOrientationPortrait UIInterfaceOrientationLandscapeLeft UIInterfaceOrientationLandscapeRight";
				LD_RUNPATH_SEARCH_PATHS = (
					"$(inherited)",
					"@executable_path/Frameworks",
				);
				MARKETING_VERSION = 1.0;
				PRODUCT_BUNDLE_IDENTIFIER = dtc12.Pelix;
				PRODUCT_NAME = "$(TARGET_NAME)";
				SWIFT_EMIT_LOC_STRINGS = YES;
				SWIFT_VERSION = 5.0;
				TARGETED_DEVICE_FAMILY = "1,2";
			};
			name = Debug;
		};
		7B35F8F82D6948C6005EC361 /* Release */ = {
			isa = XCBuildConfiguration;
			buildSettings = {
				ASSETCATALOG_COMPILER_APPICON_NAME = AppIcon;
				ASSETCATALOG_COMPILER_GLOBAL_ACCENT_COLOR_NAME = AccentColor;
				CODE_SIGN_ENTITLEMENTS = Pelix/Pelix.entitlements;
				CODE_SIGN_STYLE = Automatic;
				CURRENT_PROJECT_VERSION = 1;
				DEVELOPMENT_ASSET_PATHS = "\"Pelix/Preview Content\"";
				DEVELOPMENT_TEAM = DP2HQS7QGA;
				ENABLE_PREVIEWS = YES;
				GENERATE_INFOPLIST_FILE = YES;
				INFOPLIST_FILE = Pelix/Info.plist;
				INFOPLIST_KEY_UIApplicationSceneManifest_Generation = YES;
				INFOPLIST_KEY_UIApplicationSupportsIndirectInputEvents = YES;
				INFOPLIST_KEY_UILaunchScreen_Generation = YES;
				INFOPLIST_KEY_UISupportedInterfaceOrientations_iPad = "UIInterfaceOrientationPortrait UIInterfaceOrientationPortraitUpsideDown UIInterfaceOrientationLandscapeLeft UIInterfaceOrientationLandscapeRight";
				INFOPLIST_KEY_UISupportedInterfaceOrientations_iPhone = "UIInterfaceOrientationPortrait UIInterfaceOrientationLandscapeLeft UIInterfaceOrientationLandscapeRight";
				LD_RUNPATH_SEARCH_PATHS = (
					"$(inherited)",
					"@executable_path/Frameworks",
				);
				MARKETING_VERSION = 1.0;
				PRODUCT_BUNDLE_IDENTIFIER = dtc12.Pelix;
				PRODUCT_NAME = "$(TARGET_NAME)";
				SWIFT_EMIT_LOC_STRINGS = YES;
				SWIFT_VERSION = 5.0;
				TARGETED_DEVICE_FAMILY = "1,2";
			};
			name = Release;
		};
		7B35F8F92D6948C6005EC361 /* Debug */ = {
			isa = XCBuildConfiguration;
			buildSettings = {
				ALWAYS_SEARCH_USER_PATHS = NO;
				ASSETCATALOG_COMPILER_GENERATE_SWIFT_ASSET_SYMBOL_EXTENSIONS = YES;
				CLANG_ANALYZER_NONNULL = YES;
				CLANG_ANALYZER_NUMBER_OBJECT_CONVERSION = YES_AGGRESSIVE;
				CLANG_CXX_LANGUAGE_STANDARD = "gnu++20";
				CLANG_ENABLE_MODULES = YES;
				CLANG_ENABLE_OBJC_ARC = YES;
				CLANG_ENABLE_OBJC_WEAK = YES;
				CLANG_WARN_BLOCK_CAPTURE_AUTORELEASING = YES;
				CLANG_WARN_BOOL_CONVERSION = YES;
				CLANG_WARN_COMMA = YES;
				CLANG_WARN_CONSTANT_CONVERSION = YES;
				CLANG_WARN_DEPRECATED_OBJC_IMPLEMENTATIONS = YES;
				CLANG_WARN_DIRECT_OBJC_ISA_USAGE = YES_ERROR;
				CLANG_WARN_DOCUMENTATION_COMMENTS = YES;
				CLANG_WARN_EMPTY_BODY = YES;
				CLANG_WARN_ENUM_CONVERSION = YES;
				CLANG_WARN_INFINITE_RECURSION = YES;
				CLANG_WARN_INT_CONVERSION = YES;
				CLANG_WARN_NON_LITERAL_NULL_CONVERSION = YES;
				CLANG_WARN_OBJC_IMPLICIT_RETAIN_SELF = YES;
				CLANG_WARN_OBJC_LITERAL_CONVERSION = YES;
				CLANG_WARN_OBJC_ROOT_CLASS = YES_ERROR;
				CLANG_WARN_QUOTED_INCLUDE_IN_FRAMEWORK_HEADER = YES;
				CLANG_WARN_RANGE_LOOP_ANALYSIS = YES;
				CLANG_WARN_STRICT_PROTOTYPES = YES;
				CLANG_WARN_SUSPICIOUS_MOVE = YES;
				CLANG_WARN_UNGUARDED_AVAILABILITY = YES_AGGRESSIVE;
				CLANG_WARN_UNREACHABLE_CODE = YES;
				CLANG_WARN__DUPLICATE_METHOD_MATCH = YES;
				COPY_PHASE_STRIP = NO;
				DEBUG_INFORMATION_FORMAT = dwarf;
				ENABLE_STRICT_OBJC_MSGSEND = YES;
				ENABLE_TESTABILITY = YES;
				ENABLE_USER_SCRIPT_SANDBOXING = YES;
				GCC_C_LANGUAGE_STANDARD = gnu17;
				GCC_DYNAMIC_NO_PIC = NO;
				GCC_NO_COMMON_BLOCKS = YES;
				GCC_OPTIMIZATION_LEVEL = 0;
				GCC_PREPROCESSOR_DEFINITIONS = (
					"DEBUG=1",
					"$(inherited)",
				);
				GCC_WARN_64_TO_32_BIT_CONVERSION = YES;
				GCC_WARN_ABOUT_RETURN_TYPE = YES_ERROR;
				GCC_WARN_UNDECLARED_SELECTOR = YES;
				GCC_WARN_UNINITIALIZED_AUTOS = YES_AGGRESSIVE;
				GCC_WARN_UNUSED_FUNCTION = YES;
				GCC_WARN_UNUSED_VARIABLE = YES;
				IPHONEOS_DEPLOYMENT_TARGET = 18.2;
				LOCALIZATION_PREFERS_STRING_CATALOGS = YES;
				MTL_ENABLE_DEBUG_INFO = INCLUDE_SOURCE;
				MTL_FAST_MATH = YES;
				ONLY_ACTIVE_ARCH = YES;
				SDKROOT = iphoneos;
				SWIFT_ACTIVE_COMPILATION_CONDITIONS = "DEBUG $(inherited)";
				SWIFT_OPTIMIZATION_LEVEL = "-Onone";
			};
			name = Debug;
		};
		7B35F8FA2D6948C6005EC361 /* Release */ = {
			isa = XCBuildConfiguration;
			buildSettings = {
				ALWAYS_SEARCH_USER_PATHS = NO;
				ASSETCATALOG_COMPILER_GENERATE_SWIFT_ASSET_SYMBOL_EXTENSIONS = YES;
				CLANG_ANALYZER_NONNULL = YES;
				CLANG_ANALYZER_NUMBER_OBJECT_CONVERSION = YES_AGGRESSIVE;
				CLANG_CXX_LANGUAGE_STANDARD = "gnu++20";
				CLANG_ENABLE_MODULES = YES;
				CLANG_ENABLE_OBJC_ARC = YES;
				CLANG_ENABLE_OBJC_WEAK = YES;
				CLANG_WARN_BLOCK_CAPTURE_AUTORELEASING = YES;
				CLANG_WARN_BOOL_CONVERSION = YES;
				CLANG_WARN_COMMA = YES;
				CLANG_WARN_CONSTANT_CONVERSION = YES;
				CLANG_WARN_DEPRECATED_OBJC_IMPLEMENTATIONS = YES;
				CLANG_WARN_DIRECT_OBJC_ISA_USAGE = YES_ERROR;
				CLANG_WARN_DOCUMENTATION_COMMENTS = YES;
				CLANG_WARN_EMPTY_BODY = YES;
				CLANG_WARN_ENUM_CONVERSION = YES;
				CLANG_WARN_INFINITE_RECURSION = YES;
				CLANG_WARN_INT_CONVERSION = YES;
				CLANG_WARN_NON_LITERAL_NULL_CONVERSION = YES;
				CLANG_WARN_OBJC_IMPLICIT_RETAIN_SELF = YES;
				CLANG_WARN_OBJC_LITERAL_CONVERSION = YES;
				CLANG_WARN_OBJC_ROOT_CLASS = YES_ERROR;
				CLANG_WARN_QUOTED_INCLUDE_IN_FRAMEWORK_HEADER = YES;
				CLANG_WARN_RANGE_LOOP_ANALYSIS = YES;
				CLANG_WARN_STRICT_PROTOTYPES = YES;
				CLANG_WARN_SUSPICIOUS_MOVE = YES;
				CLANG_WARN_UNGUARDED_AVAILABILITY = YES_AGGRESSIVE;
				CLANG_WARN_UNREACHABLE_CODE = YES;
				CLANG_WARN__DUPLICATE_METHOD_MATCH = YES;
				COPY_PHASE_STRIP = NO;
				DEBUG_INFORMATION_FORMAT = "dwarf-with-dsym";
				ENABLE_NS_ASSERTIONS = NO;
				ENABLE_STRICT_OBJC_MSGSEND = YES;
				ENABLE_USER_SCRIPT_SANDBOXING = YES;
				GCC_C_LANGUAGE_STANDARD = gnu17;
				GCC_NO_COMMON_BLOCKS = YES;
				GCC_WARN_64_TO_32_BIT_CONVERSION = YES;
				GCC_WARN_ABOUT_RETURN_TYPE = YES_ERROR;
				GCC_WARN_UNDECLARED_SELECTOR = YES;
				GCC_WARN_UNINITIALIZED_AUTOS = YES_AGGRESSIVE;
				GCC_WARN_UNUSED_FUNCTION = YES;
				GCC_WARN_UNUSED_VARIABLE = YES;
				IPHONEOS_DEPLOYMENT_TARGET = 18.2;
				LOCALIZATION_PREFERS_STRING_CATALOGS = YES;
				MTL_ENABLE_DEBUG_INFO = NO;
				MTL_FAST_MATH = YES;
				SDKROOT = iphoneos;
				SWIFT_COMPILATION_MODE = wholemodule;
				VALIDATE_PRODUCT = YES;
			};
			name = Release;
		};
		7B35F8FC2D6948C6005EC361 /* Debug */ = {
			isa = XCBuildConfiguration;
			buildSettings = {
				BUNDLE_LOADER = "$(TEST_HOST)";
				CODE_SIGN_STYLE = Automatic;
				CURRENT_PROJECT_VERSION = 1;
				DEVELOPMENT_TEAM = DP2HQS7QGA;
				GENERATE_INFOPLIST_FILE = YES;
				IPHONEOS_DEPLOYMENT_TARGET = 18.2;
				MARKETING_VERSION = 1.0;
				PRODUCT_BUNDLE_IDENTIFIER = dtc12.PelixTests;
				PRODUCT_NAME = "$(TARGET_NAME)";
				SWIFT_EMIT_LOC_STRINGS = NO;
				SWIFT_VERSION = 5.0;
				TARGETED_DEVICE_FAMILY = "1,2";
				TEST_HOST = "$(BUILT_PRODUCTS_DIR)/Pelix.app/$(BUNDLE_EXECUTABLE_FOLDER_PATH)/Pelix";
			};
			name = Debug;
		};
		7B35F8FD2D6948C6005EC361 /* Release */ = {
			isa = XCBuildConfiguration;
			buildSettings = {
				BUNDLE_LOADER = "$(TEST_HOST)";
				CODE_SIGN_STYLE = Automatic;
				CURRENT_PROJECT_VERSION = 1;
				DEVELOPMENT_TEAM = DP2HQS7QGA;
				GENERATE_INFOPLIST_FILE = YES;
				IPHONEOS_DEPLOYMENT_TARGET = 18.2;
				MARKETING_VERSION = 1.0;
				PRODUCT_BUNDLE_IDENTIFIER = dtc12.PelixTests;
				PRODUCT_NAME = "$(TARGET_NAME)";
				SWIFT_EMIT_LOC_STRINGS = NO;
				SWIFT_VERSION = 5.0;
				TARGETED_DEVICE_FAMILY = "1,2";
				TEST_HOST = "$(BUILT_PRODUCTS_DIR)/Pelix.app/$(BUNDLE_EXECUTABLE_FOLDER_PATH)/Pelix";
			};
			name = Release;
		};
		7B35F8FF2D6948C6005EC361 /* Debug */ = {
			isa = XCBuildConfiguration;
			buildSettings = {
				CODE_SIGN_STYLE = Automatic;
				CURRENT_PROJECT_VERSION = 1;
				DEVELOPMENT_TEAM = DP2HQS7QGA;
				GENERATE_INFOPLIST_FILE = YES;
				MARKETING_VERSION = 1.0;
				PRODUCT_BUNDLE_IDENTIFIER = dtc12.PelixUITests;
				PRODUCT_NAME = "$(TARGET_NAME)";
				SWIFT_EMIT_LOC_STRINGS = NO;
				SWIFT_VERSION = 5.0;
				TARGETED_DEVICE_FAMILY = "1,2";
				TEST_TARGET_NAME = Pelix;
			};
			name = Debug;
		};
		7B35F9002D6948C6005EC361 /* Release */ = {
			isa = XCBuildConfiguration;
			buildSettings = {
				CODE_SIGN_STYLE = Automatic;
				CURRENT_PROJECT_VERSION = 1;
				DEVELOPMENT_TEAM = DP2HQS7QGA;
				GENERATE_INFOPLIST_FILE = YES;
				MARKETING_VERSION = 1.0;
				PRODUCT_BUNDLE_IDENTIFIER = dtc12.PelixUITests;
				PRODUCT_NAME = "$(TARGET_NAME)";
				SWIFT_EMIT_LOC_STRINGS = NO;
				SWIFT_VERSION = 5.0;
				TARGETED_DEVICE_FAMILY = "1,2";
				TEST_TARGET_NAME = Pelix;
			};
			name = Release;
		};
/* End XCBuildConfiguration section */

/* Begin XCConfigurationList section */
		7B35F8CA2D6948C3005EC361 /* Build configuration list for PBXProject "Pelix" */ = {
			isa = XCConfigurationList;
			buildConfigurations = (
				7B35F8F92D6948C6005EC361 /* Debug */,
				7B35F8FA2D6948C6005EC361 /* Release */,
			);
			defaultConfigurationIsVisible = 0;
			defaultConfigurationName = Release;
		};
		7B35F8F62D6948C6005EC361 /* Build configuration list for PBXNativeTarget "Pelix" */ = {
			isa = XCConfigurationList;
			buildConfigurations = (
				7B35F8F72D6948C6005EC361 /* Debug */,
				7B35F8F82D6948C6005EC361 /* Release */,
			);
			defaultConfigurationIsVisible = 0;
			defaultConfigurationName = Release;
		};
		7B35F8FB2D6948C6005EC361 /* Build configuration list for PBXNativeTarget "PelixTests" */ = {
			isa = XCConfigurationList;
			buildConfigurations = (
				7B35F8FC2D6948C6005EC361 /* Debug */,
				7B35F8FD2D6948C6005EC361 /* Release */,
			);
			defaultConfigurationIsVisible = 0;
			defaultConfigurationName = Release;
		};
		7B35F8FE2D6948C6005EC361 /* Build configuration list for PBXNativeTarget "PelixUITests" */ = {
			isa = XCConfigurationList;
			buildConfigurations = (
				7B35F8FF2D6948C6005EC361 /* Debug */,
				7B35F9002D6948C6005EC361 /* Release */,
			);
			defaultConfigurationIsVisible = 0;
			defaultConfigurationName = Release;
		};
/* End XCConfigurationList section */
	};
	rootObject = 7B35F8C72D6948C3005EC361 /* Project object */;
}
